version = 1
requires-python = ">=3.11"

[[package]]
name = "aiodns"
version = "3.5.0"
source = { registry = "https://pypi.org/simple" }
dependencies = [
    { name = "pycares" },
]
sdist = { url = "https://files.pythonhosted.org/packages/17/0a/163e5260cecc12de6abc259d158d9da3b8ec062ab863107dcdb1166cdcef/aiodns-3.5.0.tar.gz", hash = "sha256:11264edbab51896ecf546c18eb0dd56dff0428c6aa6d2cd87e643e07300eb310", size = 14380 }
wheels = [
    { url = "https://files.pythonhosted.org/packages/f6/2c/711076e5f5d0707b8ec55a233c8bfb193e0981a800cd1b3b123e8ff61ca1/aiodns-3.5.0-py3-none-any.whl", hash = "sha256:6d0404f7d5215849233f6ee44854f2bb2481adf71b336b2279016ea5990ca5c5", size = 8068 },
]

[[package]]
name = "cffi"
version = "1.17.1"
source = { registry = "https://pypi.org/simple" }
dependencies = [
    { name = "pycparser" },
]
sdist = { url = "https://files.pythonhosted.org/packages/fc/97/c783634659c2920c3fc70419e3af40972dbaf758daa229a7d6ea6135c90d/cffi-1.17.1.tar.gz", hash = "sha256:1c39c6016c32bc48dd54561950ebd6836e1670f2ae46128f67cf49e789c52824", size = 516621 }
wheels = [
    { url = "https://files.pythonhosted.org/packages/6b/f4/927e3a8899e52a27fa57a48607ff7dc91a9ebe97399b357b85a0c7892e00/cffi-1.17.1-cp311-cp311-macosx_10_9_x86_64.whl", hash = "sha256:a45e3c6913c5b87b3ff120dcdc03f6131fa0065027d0ed7ee6190736a74cd401", size = 182264 },
    { url = "https://files.pythonhosted.org/packages/6c/f5/6c3a8efe5f503175aaddcbea6ad0d2c96dad6f5abb205750d1b3df44ef29/cffi-1.17.1-cp311-cp311-macosx_11_0_arm64.whl", hash = "sha256:30c5e0cb5ae493c04c8b42916e52ca38079f1b235c2f8ae5f4527b963c401caf", size = 178651 },
    { url = "https://files.pythonhosted.org/packages/94/dd/a3f0118e688d1b1a57553da23b16bdade96d2f9bcda4d32e7d2838047ff7/cffi-1.17.1-cp311-cp311-manylinux_2_12_i686.manylinux2010_i686.manylinux_2_17_i686.manylinux2014_i686.whl", hash = "sha256:f75c7ab1f9e4aca5414ed4d8e5c0e303a34f4421f8a0d47a4d019ceff0ab6af4", size = 445259 },
    { url = "https://files.pythonhosted.org/packages/2e/ea/70ce63780f096e16ce8588efe039d3c4f91deb1dc01e9c73a287939c79a6/cffi-1.17.1-cp311-cp311-manylinux_2_17_aarch64.manylinux2014_aarch64.whl", hash = "sha256:a1ed2dd2972641495a3ec98445e09766f077aee98a1c896dcb4ad0d303628e41", size = 469200 },
    { url = "https://files.pythonhosted.org/packages/1c/a0/a4fa9f4f781bda074c3ddd57a572b060fa0df7655d2a4247bbe277200146/cffi-1.17.1-cp311-cp311-manylinux_2_17_ppc64le.manylinux2014_ppc64le.whl", hash = "sha256:46bf43160c1a35f7ec506d254e5c890f3c03648a4dbac12d624e4490a7046cd1", size = 477235 },
    { url = "https://files.pythonhosted.org/packages/62/12/ce8710b5b8affbcdd5c6e367217c242524ad17a02fe5beec3ee339f69f85/cffi-1.17.1-cp311-cp311-manylinux_2_17_s390x.manylinux2014_s390x.whl", hash = "sha256:a24ed04c8ffd54b0729c07cee15a81d964e6fee0e3d4d342a27b020d22959dc6", size = 459721 },
    { url = "https://files.pythonhosted.org/packages/ff/6b/d45873c5e0242196f042d555526f92aa9e0c32355a1be1ff8c27f077fd37/cffi-1.17.1-cp311-cp311-manylinux_2_17_x86_64.manylinux2014_x86_64.whl", hash = "sha256:610faea79c43e44c71e1ec53a554553fa22321b65fae24889706c0a84d4ad86d", size = 467242 },
    { url = "https://files.pythonhosted.org/packages/1a/52/d9a0e523a572fbccf2955f5abe883cfa8bcc570d7faeee06336fbd50c9fc/cffi-1.17.1-cp311-cp311-musllinux_1_1_aarch64.whl", hash = "sha256:a9b15d491f3ad5d692e11f6b71f7857e7835eb677955c00cc0aefcd0669adaf6", size = 477999 },
    { url = "https://files.pythonhosted.org/packages/44/74/f2a2460684a1a2d00ca799ad880d54652841a780c4c97b87754f660c7603/cffi-1.17.1-cp311-cp311-musllinux_1_1_i686.whl", hash = "sha256:de2ea4b5833625383e464549fec1bc395c1bdeeb5f25c4a3a82b5a8c756ec22f", size = 454242 },
    { url = "https://files.pythonhosted.org/packages/f8/4a/34599cac7dfcd888ff54e801afe06a19c17787dfd94495ab0c8d35fe99fb/cffi-1.17.1-cp311-cp311-musllinux_1_1_x86_64.whl", hash = "sha256:fc48c783f9c87e60831201f2cce7f3b2e4846bf4d8728eabe54d60700b318a0b", size = 478604 },
    { url = "https://files.pythonhosted.org/packages/34/33/e1b8a1ba29025adbdcda5fb3a36f94c03d771c1b7b12f726ff7fef2ebe36/cffi-1.17.1-cp311-cp311-win32.whl", hash = "sha256:85a950a4ac9c359340d5963966e3e0a94a676bd6245a4b55bc43949eee26a655", size = 171727 },
    { url = "https://files.pythonhosted.org/packages/3d/97/50228be003bb2802627d28ec0627837ac0bf35c90cf769812056f235b2d1/cffi-1.17.1-cp311-cp311-win_amd64.whl", hash = "sha256:caaf0640ef5f5517f49bc275eca1406b0ffa6aa184892812030f04c2abf589a0", size = 181400 },
    { url = "https://files.pythonhosted.org/packages/5a/84/e94227139ee5fb4d600a7a4927f322e1d4aea6fdc50bd3fca8493caba23f/cffi-1.17.1-cp312-cp312-macosx_10_9_x86_64.whl", hash = "sha256:805b4371bf7197c329fcb3ead37e710d1bca9da5d583f5073b799d5c5bd1eee4", size = 183178 },
    { url = "https://files.pythonhosted.org/packages/da/ee/fb72c2b48656111c4ef27f0f91da355e130a923473bf5ee75c5643d00cca/cffi-1.17.1-cp312-cp312-macosx_11_0_arm64.whl", hash = "sha256:733e99bc2df47476e3848417c5a4540522f234dfd4ef3ab7fafdf555b082ec0c", size = 178840 },
    { url = "https://files.pythonhosted.org/packages/cc/b6/db007700f67d151abadf508cbfd6a1884f57eab90b1bb985c4c8c02b0f28/cffi-1.17.1-cp312-cp312-manylinux_2_12_i686.manylinux2010_i686.manylinux_2_17_i686.manylinux2014_i686.whl", hash = "sha256:1257bdabf294dceb59f5e70c64a3e2f462c30c7ad68092d01bbbfb1c16b1ba36", size = 454803 },
    { url = "https://files.pythonhosted.org/packages/1a/df/f8d151540d8c200eb1c6fba8cd0dfd40904f1b0682ea705c36e6c2e97ab3/cffi-1.17.1-cp312-cp312-manylinux_2_17_aarch64.manylinux2014_aarch64.whl", hash = "sha256:da95af8214998d77a98cc14e3a3bd00aa191526343078b530ceb0bd710fb48a5", size = 478850 },
    { url = "https://files.pythonhosted.org/packages/28/c0/b31116332a547fd2677ae5b78a2ef662dfc8023d67f41b2a83f7c2aa78b1/cffi-1.17.1-cp312-cp312-manylinux_2_17_ppc64le.manylinux2014_ppc64le.whl", hash = "sha256:d63afe322132c194cf832bfec0dc69a99fb9bb6bbd550f161a49e9e855cc78ff", size = 485729 },
    { url = "https://files.pythonhosted.org/packages/91/2b/9a1ddfa5c7f13cab007a2c9cc295b70fbbda7cb10a286aa6810338e60ea1/cffi-1.17.1-cp312-cp312-manylinux_2_17_s390x.manylinux2014_s390x.whl", hash = "sha256:f79fc4fc25f1c8698ff97788206bb3c2598949bfe0fef03d299eb1b5356ada99", size = 471256 },
    { url = "https://files.pythonhosted.org/packages/b2/d5/da47df7004cb17e4955df6a43d14b3b4ae77737dff8bf7f8f333196717bf/cffi-1.17.1-cp312-cp312-manylinux_2_17_x86_64.manylinux2014_x86_64.whl", hash = "sha256:b62ce867176a75d03a665bad002af8e6d54644fad99a3c70905c543130e39d93", size = 479424 },
    { url = "https://files.pythonhosted.org/packages/0b/ac/2a28bcf513e93a219c8a4e8e125534f4f6db03e3179ba1c45e949b76212c/cffi-1.17.1-cp312-cp312-musllinux_1_1_aarch64.whl", hash = "sha256:386c8bf53c502fff58903061338ce4f4950cbdcb23e2902d86c0f722b786bbe3", size = 484568 },
    { url = "https://files.pythonhosted.org/packages/d4/38/ca8a4f639065f14ae0f1d9751e70447a261f1a30fa7547a828ae08142465/cffi-1.17.1-cp312-cp312-musllinux_1_1_x86_64.whl", hash = "sha256:4ceb10419a9adf4460ea14cfd6bc43d08701f0835e979bf821052f1805850fe8", size = 488736 },
    { url = "https://files.pythonhosted.org/packages/86/c5/28b2d6f799ec0bdecf44dced2ec5ed43e0eb63097b0f58c293583b406582/cffi-1.17.1-cp312-cp312-win32.whl", hash = "sha256:a08d7e755f8ed21095a310a693525137cfe756ce62d066e53f502a83dc550f65", size = 172448 },
    { url = "https://files.pythonhosted.org/packages/50/b9/db34c4755a7bd1cb2d1603ac3863f22bcecbd1ba29e5ee841a4bc510b294/cffi-1.17.1-cp312-cp312-win_amd64.whl", hash = "sha256:51392eae71afec0d0c8fb1a53b204dbb3bcabcb3c9b807eedf3e1e6ccf2de903", size = 181976 },
    { url = "https://files.pythonhosted.org/packages/8d/f8/dd6c246b148639254dad4d6803eb6a54e8c85c6e11ec9df2cffa87571dbe/cffi-1.17.1-cp313-cp313-macosx_10_13_x86_64.whl", hash = "sha256:f3a2b4222ce6b60e2e8b337bb9596923045681d71e5a082783484d845390938e", size = 182989 },
    { url = "https://files.pythonhosted.org/packages/8b/f1/672d303ddf17c24fc83afd712316fda78dc6fce1cd53011b839483e1ecc8/cffi-1.17.1-cp313-cp313-macosx_11_0_arm64.whl", hash = "sha256:0984a4925a435b1da406122d4d7968dd861c1385afe3b45ba82b750f229811e2", size = 178802 },
    { url = "https://files.pythonhosted.org/packages/0e/2d/eab2e858a91fdff70533cab61dcff4a1f55ec60425832ddfdc9cd36bc8af/cffi-1.17.1-cp313-cp313-manylinux_2_12_i686.manylinux2010_i686.manylinux_2_17_i686.manylinux2014_i686.whl", hash = "sha256:d01b12eeeb4427d3110de311e1774046ad344f5b1a7403101878976ecd7a10f3", size = 454792 },
    { url = "https://files.pythonhosted.org/packages/75/b2/fbaec7c4455c604e29388d55599b99ebcc250a60050610fadde58932b7ee/cffi-1.17.1-cp313-cp313-manylinux_2_17_aarch64.manylinux2014_aarch64.whl", hash = "sha256:706510fe141c86a69c8ddc029c7910003a17353970cff3b904ff0686a5927683", size = 478893 },
    { url = "https://files.pythonhosted.org/packages/4f/b7/6e4a2162178bf1935c336d4da8a9352cccab4d3a5d7914065490f08c0690/cffi-1.17.1-cp313-cp313-manylinux_2_17_ppc64le.manylinux2014_ppc64le.whl", hash = "sha256:de55b766c7aa2e2a3092c51e0483d700341182f08e67c63630d5b6f200bb28e5", size = 485810 },
    { url = "https://files.pythonhosted.org/packages/c7/8a/1d0e4a9c26e54746dc08c2c6c037889124d4f59dffd853a659fa545f1b40/cffi-1.17.1-cp313-cp313-manylinux_2_17_s390x.manylinux2014_s390x.whl", hash = "sha256:c59d6e989d07460165cc5ad3c61f9fd8f1b4796eacbd81cee78957842b834af4", size = 471200 },
    { url = "https://files.pythonhosted.org/packages/26/9f/1aab65a6c0db35f43c4d1b4f580e8df53914310afc10ae0397d29d697af4/cffi-1.17.1-cp313-cp313-manylinux_2_17_x86_64.manylinux2014_x86_64.whl", hash = "sha256:dd398dbc6773384a17fe0d3e7eeb8d1a21c2200473ee6806bb5e6a8e62bb73dd", size = 479447 },
    { url = "https://files.pythonhosted.org/packages/5f/e4/fb8b3dd8dc0e98edf1135ff067ae070bb32ef9d509d6cb0f538cd6f7483f/cffi-1.17.1-cp313-cp313-musllinux_1_1_aarch64.whl", hash = "sha256:3edc8d958eb099c634dace3c7e16560ae474aa3803a5df240542b305d14e14ed", size = 484358 },
    { url = "https://files.pythonhosted.org/packages/f1/47/d7145bf2dc04684935d57d67dff9d6d795b2ba2796806bb109864be3a151/cffi-1.17.1-cp313-cp313-musllinux_1_1_x86_64.whl", hash = "sha256:72e72408cad3d5419375fc87d289076ee319835bdfa2caad331e377589aebba9", size = 488469 },
    { url = "https://files.pythonhosted.org/packages/bf/ee/f94057fa6426481d663b88637a9a10e859e492c73d0384514a17d78ee205/cffi-1.17.1-cp313-cp313-win32.whl", hash = "sha256:e03eab0a8677fa80d646b5ddece1cbeaf556c313dcfac435ba11f107ba117b5d", size = 172475 },
    { url = "https://files.pythonhosted.org/packages/7c/fc/6a8cb64e5f0324877d503c854da15d76c1e50eb722e320b15345c4d0c6de/cffi-1.17.1-cp313-cp313-win_amd64.whl", hash = "sha256:f6a16c31041f09ead72d69f583767292f750d24913dadacf5756b966aacb3f1a", size = 182009 },
]

[[package]]
name = "pyasn1"
version = "0.6.1"
source = { registry = "https://pypi.org/simple" }
sdist = { url = "https://files.pythonhosted.org/packages/ba/e9/01f1a64245b89f039897cb0130016d79f77d52669aae6ee7b159a6c4c018/pyasn1-0.6.1.tar.gz", hash = "sha256:6f580d2bdd84365380830acf45550f2511469f673cb4a5ae3857a3170128b034", size = 145322 }
wheels = [
    { url = "https://files.pythonhosted.org/packages/c8/f1/d6a797abb14f6283c0ddff96bbdd46937f64122b8c925cab503dd37f8214/pyasn1-0.6.1-py3-none-any.whl", hash = "sha256:0d632f46f2ba09143da3a8afe9e33fb6f92fa2320ab7e886e2d0f7672af84629", size = 83135 },
]

[[package]]
name = "pyasn1-modules"
version = "0.4.2"
source = { registry = "https://pypi.org/simple" }
dependencies = [
    { name = "pyasn1" },
]
sdist = { url = "https://files.pythonhosted.org/packages/e9/e6/78ebbb10a8c8e4b61a59249394a4a594c1a7af95593dc933a349c8d00964/pyasn1_modules-0.4.2.tar.gz", hash = "sha256:677091de870a80aae844b1ca6134f54652fa2c8c5a52aa396440ac3106e941e6", size = 307892 }
wheels = [
    { url = "https://files.pythonhosted.org/packages/47/8d/d529b5d697919ba8c11ad626e835d4039be708a35b0d22de83a269a6682c/pyasn1_modules-0.4.2-py3-none-any.whl", hash = "sha256:29253a9207ce32b64c3ac6600edc75368f98473906e8fd1043bd6b5b1de2c14a", size = 181259 },
]

[[package]]
name = "pycares"
version = "4.10.0"
source = { registry = "https://pypi.org/simple" }
dependencies = [
    { name = "cffi" },
]
sdist = { url = "https://files.pythonhosted.org/packages/e0/2f/5b46bb8e65070eb1f7f549d2f2e71db6b9899ef24ac9f82128014aeb1e25/pycares-4.10.0.tar.gz", hash = "sha256:9df70dce6e05afa5d477f48959170e569485e20dad1a089c4cf3b2d7ffbd8bf9", size = 654318 }
wheels = [
    { url = "https://files.pythonhosted.org/packages/85/7e/7154c999c25eaddbed7dbafe6491f905253fe4801220c59d52943fcf2e3c/pycares-4.10.0-cp311-cp311-macosx_10_9_x86_64.whl", hash = "sha256:29f866c704e4c59789a01a0564d22de359a53a337b3edea4975888373ed934e2", size = 145822 },
    { url = "https://files.pythonhosted.org/packages/f5/82/c327d53d014e9ebd5fb89ebba369a79ba8890377ea95821e262b5bdfc14e/pycares-4.10.0-cp311-cp311-macosx_11_0_arm64.whl", hash = "sha256:bdb1558665988cb84e56ccfc86c856f1fc3725e5d08a002ac4faeee65c2f36fa", size = 140836 },
    { url = "https://files.pythonhosted.org/packages/cf/92/34a20992cae06183209a2cf78fef875aae92b943892a4678e9b4b6fe9f02/pycares-4.10.0-cp311-cp311-manylinux_2_28_aarch64.whl", hash = "sha256:9281bf62f03a708976c08755948c288f22a7cba5e4fe0b446dde673b08936a60", size = 642628 },
    { url = "https://files.pythonhosted.org/packages/b4/d9/e4d18b93e6f9257f613c7db5e73f3b38651c7214d8f4a83ee0431367b818/pycares-4.10.0-cp311-cp311-manylinux_2_28_ppc64le.whl", hash = "sha256:8e93993bac49a5d6f0bd919084dd701995882b78db9a213e3773adb24b4dc46f", size = 690218 },
    { url = "https://files.pythonhosted.org/packages/ff/28/c612a287febf5f10b441aeb284ba4e8bae8beb19110d5912331a42f26221/pycares-4.10.0-cp311-cp311-manylinux_2_28_s390x.whl", hash = "sha256:6ab788f779b6161cd5129e8cd25ce25d7d91976a5ea6f0e16afdbdd20fe966f6", size = 682047 },
    { url = "https://files.pythonhosted.org/packages/5c/f8/2c82fb0704e704fc2a13ecc9438f2b7636e990a07fe59dd444f3743eeeae/pycares-4.10.0-cp311-cp311-manylinux_2_28_x86_64.whl", hash = "sha256:575da87e38e10608be0556edad1458d2374609e7baec7832465078d5ad5c7822", size = 643950 },
    { url = "https://files.pythonhosted.org/packages/d7/94/2c90ac5bcd188238dd1dd4b25ba19fd55c679f324e21173c70f74ccf5eb6/pycares-4.10.0-cp311-cp311-musllinux_1_2_aarch64.whl", hash = "sha256:7217231366390755f32faeaf0f91ebec8f8a8056fe6e6340a7ee803c0feba05c", size = 626958 },
    { url = "https://files.pythonhosted.org/packages/4b/60/ec33adef143a29330d426868077020d965be67d56c000194b540083878f0/pycares-4.10.0-cp311-cp311-musllinux_1_2_ppc64le.whl", hash = "sha256:531cb88285cd3b50d45020ff42dab8cefa65eecab5281dbec33c00258e20ca2d", size = 673191 },
    { url = "https://files.pythonhosted.org/packages/df/c8/80030f08c747972e3099257707d64ed5f8a4d6634038380e0c52b4629889/pycares-4.10.0-cp311-cp311-musllinux_1_2_s390x.whl", hash = "sha256:db9187a95ea487b3f5b5878b1d3ba1f541c0bea6b83b7946cc4b5953de82bbc8", size = 656580 },
    { url = "https://files.pythonhosted.org/packages/2f/2b/30c678b680711fd125dbf29529d3c09410e358e156145ae38c39456fd8ac/pycares-4.10.0-cp311-cp311-musllinux_1_2_x86_64.whl", hash = "sha256:cdb7232757ca6d6a8b8535ffbffde081271caef397f3b6002789f35f6743dea3", size = 631858 },
    { url = "https://files.pythonhosted.org/packages/e6/6e/8ed0bdf8eb415f88266b5e5c8cb09eec84327d21101fb13c9f896bd187d0/pycares-4.10.0-cp311-cp311-win32.whl", hash = "sha256:d2434724db49e65146983bd084f16f5780093906bb24522551282ae17ad5add0", size = 118782 },
    { url = "https://files.pythonhosted.org/packages/a4/86/3e589a23aa0e916d02118bce3b59ef2a9c0cb6f11cffc385f57fed8d44fc/pycares-4.10.0-cp311-cp311-win_amd64.whl", hash = "sha256:e11fe3fbcef622de29711d9a76c97995e4635e113ded1f33cab2bd4248e3c92c", size = 144528 },
    { url = "https://files.pythonhosted.org/packages/a6/8e/fb19f2708ba9d54a1f0de9765ed25867be4b2896bf2818da80f7ec6e7a0e/pycares-4.10.0-cp311-cp311-win_arm64.whl", hash = "sha256:330e656182aa186b6a1b433bfcddbbc11850af5c54d2befa3b77ed289b44bc10", size = 115633 },
    { url = "https://files.pythonhosted.org/packages/6a/ac/ff843ee3e4e6c39e8582772bc75c0898e00c9859906b094569a09f64a1c8/pycares-4.10.0-cp312-cp312-macosx_10_13_x86_64.whl", hash = "sha256:870354741adb5d212a521c33005b368b5c8baa81e2f0d3143e868c025c5bb32f", size = 145860 },
    { url = "https://files.pythonhosted.org/packages/ee/db/9cb8a2d3bdd138a62334320bf940ea321ae15bce8deac9078fcb2bb17dba/pycares-4.10.0-cp312-cp312-macosx_11_0_arm64.whl", hash = "sha256:8912544250edc3da6a1fc97ef9543f69ee4bc2812f90e17d294397382d1ecc80", size = 140889 },
    { url = "https://files.pythonhosted.org/packages/d3/51/c51e4bb52020388222ddf04d73ae32aba4fa1e17fe4decd7a842d85e5dfb/pycares-4.10.0-cp312-cp312-manylinux_2_28_aarch64.whl", hash = "sha256:49d896bb5ae3c571bc359d3076c1484fd4f99bb5138c1c597da1f57979238771", size = 637789 },
    { url = "https://files.pythonhosted.org/packages/75/72/778c4210d7918f1955a0388cd2c2f9131620e8a8939094aad0e24ff95583/pycares-4.10.0-cp312-cp312-manylinux_2_28_ppc64le.whl", hash = "sha256:08e3d70c714e3955dc5ccfe6abc132d2f410ca1c610375faee42fda6cc90ca0f", size = 687708 },
    { url = "https://files.pythonhosted.org/packages/2e/35/10913ee20bb03210c3ac841448d143b83185bbbc3b611b33ea80126c9d26/pycares-4.10.0-cp312-cp312-manylinux_2_28_s390x.whl", hash = "sha256:f4f76946b1d6eae7bdbfefef0f143efb8acf5b55e37d631f7ec947fc9a8d6b06", size = 678317 },
    { url = "https://files.pythonhosted.org/packages/0c/b4/6523d53a0644bb270c58f7186da0d80ce3f6fab481b27a9868f572044c03/pycares-4.10.0-cp312-cp312-manylinux_2_28_x86_64.whl", hash = "sha256:cf99fbdb5f566320d5c1330e55de4f3cbe49ca42690b782db6380523bcfbb34b", size = 641024 },
    { url = "https://files.pythonhosted.org/packages/77/dc/00b6c06343e74eb637eef4d0f774998c1bafaf2df42cc448624f04c31530/pycares-4.10.0-cp312-cp312-musllinux_1_2_aarch64.whl", hash = "sha256:ba103bbc7f85d0b7c386021cafed122317d05bee56c75c06c22707d8a0393a3d", size = 622312 },
    { url = "https://files.pythonhosted.org/packages/2c/0f/0134aaa668f50d8cc3f322c9b2774773360647ceb081d1c3597546f9e002/pycares-4.10.0-cp312-cp312-musllinux_1_2_ppc64le.whl", hash = "sha256:6f0e546194fa64e751e70e16239f54fbf34ba216f4d3c7b55ca8ac50a5d82eb5", size = 670245 },
    { url = "https://files.pythonhosted.org/packages/15/01/892aa72b16baababb7a54255344793c7943d439566fd6f554dc00fb6ee3a/pycares-4.10.0-cp312-cp312-musllinux_1_2_s390x.whl", hash = "sha256:5c32115f7004c1b9071c0f250c9092bacd9090bd31a289bd155d58a60d4434fa", size = 652913 },
    { url = "https://files.pythonhosted.org/packages/01/cc/e0319118001fab9c00830a62ce7b1d6595825b43c12ac282860b2b48b7ba/pycares-4.10.0-cp312-cp312-musllinux_1_2_x86_64.whl", hash = "sha256:259c9b6b4547e1400515a373c6910506f3cebe6e65bb9814be10e59c49dcb634", size = 629195 },
    { url = "https://files.pythonhosted.org/packages/60/2c/5638e18ca83d9e42f005cf9dcebad9b24756aa55a62cdd63e860a366cf4e/pycares-4.10.0-cp312-cp312-win32.whl", hash = "sha256:f972732b3ce1300e6eec8670967920cae56b44df014fd63a793b990d930da64f", size = 118867 },
    { url = "https://files.pythonhosted.org/packages/ca/31/5284d053c3c0b956c7f3b9f846dca108eaca97b1e1f0f8b7601c7e4fd238/pycares-4.10.0-cp312-cp312-win_amd64.whl", hash = "sha256:489584abc1523d7e444b2b27a563d1c3c0c0852b40f3b453fa3a74cf10b38ebb", size = 144512 },
    { url = "https://files.pythonhosted.org/packages/35/5f/bb1594ae9a8640bec69e953944145f86a621084c39debbd1904f3369a85b/pycares-4.10.0-cp312-cp312-win_arm64.whl", hash = "sha256:468aa3bb19e7f6f193ae5375d1b21722a0cad5726e17c9817bfefbcf29cd662e", size = 115647 },
    { url = "https://files.pythonhosted.org/packages/21/bd/7a1448f5f0852628520dc9cdff21b4d6f01f4ab5faaf208d030fba28e0e2/pycares-4.10.0-cp313-cp313-macosx_10_13_x86_64.whl", hash = "sha256:d4904ebd5e4d0c78e9fd56e6c974da005eaa721365961764922929e8e8f7dd0a", size = 145861 },
    { url = "https://files.pythonhosted.org/packages/4d/6d/0e436ddb540a06fa898b8b6cd135babe44893d31d439935eee42bcd4f07b/pycares-4.10.0-cp313-cp313-macosx_11_0_arm64.whl", hash = "sha256:7144676e54b0686605333ec62ffdb7bb2b6cb4a6c53eed3e35ae3249dc64676b", size = 140893 },
    { url = "https://files.pythonhosted.org/packages/22/7a/ec4734c1274205d0ac1419310464bfa5e1a96924a77312e760790c02769c/pycares-4.10.0-cp313-cp313-manylinux_2_28_aarch64.whl", hash = "sha256:f9a259bf46cc51c51c7402a2bf32d1416f029b9a4af3de8b8973345520278092", size = 637754 },
    { url = "https://files.pythonhosted.org/packages/12/1d/306d071837073eccff6efb93560fdb4e53d53ca0c1002260bb34e074f706/pycares-4.10.0-cp313-cp313-manylinux_2_28_ppc64le.whl", hash = "sha256:1dcfdda868ad2cee8d171288a4cd725a9ad67498a2f679428874a917396d464e", size = 687690 },
    { url = "https://files.pythonhosted.org/packages/5e/e9/2b517302d42a9ff101201b58e9e2cbd2458c0a1ed68cca7d4dc1397ed246/pycares-4.10.0-cp313-cp313-manylinux_2_28_s390x.whl", hash = "sha256:f2d57bb27c884d130ac62d8c0ac57a158d27f8d75011f8700c7d44601f093652", size = 678273 },
    { url = "https://files.pythonhosted.org/packages/2b/bd/de9ed896e752fb22141d6310f6680bcb62ea1d6aa07dc129d914377bd4b4/pycares-4.10.0-cp313-cp313-manylinux_2_28_x86_64.whl", hash = "sha256:95f4d976bf2feb3f406aef6b1314845dc1384d2e4ea0c439c7d50631f2b6d166", size = 640968 },
    { url = "https://files.pythonhosted.org/packages/07/9f/be45f60277a0825d03feed2378a283ce514b4feea64785e917b926b8441e/pycares-4.10.0-cp313-cp313-musllinux_1_2_aarch64.whl", hash = "sha256:f9eecd9e28e43254c6fb1c69518bd6b753bf18230579c23e7f272ac52036d41f", size = 622316 },
    { url = "https://files.pythonhosted.org/packages/91/21/ca7bd328d07c560a1fe0ba29008c24a48e88184d3ade658946aeaef25992/pycares-4.10.0-cp313-cp313-musllinux_1_2_ppc64le.whl", hash = "sha256:f4f8ec43ce0db38152cded6939a3fa4d8aba888e323803cda99f67fa3053fa15", size = 670246 },
    { url = "https://files.pythonhosted.org/packages/01/56/47fda9dbc23c3acfe42fa6d57bb850db6ede65a2a9476641a54621166464/pycares-4.10.0-cp313-cp313-musllinux_1_2_s390x.whl", hash = "sha256:ef107d30a9d667c295db58897390c2d32c206eb1802b14d98ac643990be4e04f", size = 652930 },
    { url = "https://files.pythonhosted.org/packages/86/30/cc865c630d5c9f72f488a89463aabfd33895984955c489f66b5a524f9573/pycares-4.10.0-cp313-cp313-musllinux_1_2_x86_64.whl", hash = "sha256:56c843e69aad724dc5a795f32ebd6fec1d1592f58cabf89d2d148697c22c41be", size = 629187 },
    { url = "https://files.pythonhosted.org/packages/92/88/3ff7be2a4bf5a400309d3ffaf9aa58596f7dc6f6fcb99f844fc5e4994a49/pycares-4.10.0-cp313-cp313-win32.whl", hash = "sha256:4310259be37b586ba8cd0b4983689e4c18e15e03709bd88b1076494e91ff424b", size = 118869 },
    { url = "https://files.pythonhosted.org/packages/58/5f/cac05cee0556388cabd0abc332021ed01391d6be0685be7b5daff45088f6/pycares-4.10.0-cp313-cp313-win_amd64.whl", hash = "sha256:893020d802afb54d929afda5289fe322b50110cd5386080178479a7381241f97", size = 144512 },
    { url = "https://files.pythonhosted.org/packages/45/2e/89b6e83a716935752d62a3c0622a077a9d28f7c2645b7f9b90d6951b37ba/pycares-4.10.0-cp313-cp313-win_arm64.whl", hash = "sha256:ffa3e0f7a13f287b575e64413f2f9af6cf9096e383d1fd40f2870591628d843b", size = 115648 },
]

[[package]]
name = "pycparser"
version = "2.22"
source = { registry = "https://pypi.org/simple" }
sdist = { url = "https://files.pythonhosted.org/packages/1d/b2/31537cf4b1ca988837256c910a668b553fceb8f069bedc4b1c826024b52c/pycparser-2.22.tar.gz", hash = "sha256:491c8be9c040f5390f5bf44a5b07752bd07f56edf992381b05c701439eec10f6", size = 172736 }
wheels = [
    { url = "https://files.pythonhosted.org/packages/13/a3/a812df4e2dd5696d1f351d58b8fe16a405b234ad2886a0dab9183fb78109/pycparser-2.22-py3-none-any.whl", hash = "sha256:c3702b6d3dd8c7abc1afa565d7e63d53a1d0bd86cdc24edd75470f4de499cfcc", size = 117552 },
]

[[package]]
name = "repl-nix-workspace"
version = "0.1.0"
source = { virtual = "." }
dependencies = [
    { name = "slixmpp" },
]

[package.metadata]
requires-dist = [{ name = "slixmpp", specifier = ">=1.10.0" }]

[[package]]
name = "slixmpp"
version = "1.10.0"
source = { registry = "https://pypi.org/simple" }
dependencies = [
    { name = "aiodns" },
    { name = "pyasn1" },
    { name = "pyasn1-modules" },
]
sdist = { url = "https://files.pythonhosted.org/packages/c6/79/0ceacbcdc5f84248a36c98e11c126494c4c262902bba69eb9bd536771f76/slixmpp-1.10.0.tar.gz", hash = "sha256:46bc5d01507cb4285c8255ce5c717c0b5f68e54dfc1f1712883998d6d722578a", size = 705681 }
wheels = [
    { url = "https://files.pythonhosted.org/packages/f8/a2/f2d170330477b50a71ed8720c048a2de775ebd99f5afd072695e4db42279/slixmpp-1.10.0-cp311-cp311-manylinux_2_17_aarch64.manylinux2014_aarch64.whl", hash = "sha256:27a46a2dee7c4531f176b648e70c624b3c5e07401c7b19b3bb3dc5fb7a21bce2", size = 925509 },
    { url = "https://files.pythonhosted.org/packages/06/31/fe90303e8facd62eb9cc5c4656a2c4ad1fc6227075465d17a8f670c60821/slixmpp-1.10.0-cp311-cp311-manylinux_2_17_x86_64.manylinux2014_x86_64.whl", hash = "sha256:aa9e5c4a48637588f5e9e9bd2cc6d28107a5262211968c46d159ec6f6b71c39e", size = 929715 },
    { url = "https://files.pythonhosted.org/packages/29/24/93f36273dce1beaebfb19bcef11b9423e9164951c5a9e3fac7df72d7cecc/slixmpp-1.10.0-cp312-cp312-manylinux_2_17_aarch64.manylinux2014_aarch64.whl", hash = "sha256:2e11e308bb9bdb28f6753184d29c5cf03d7056e32bebebe6aff8d25532f15f8e", size = 925576 },
    { url = "https://files.pythonhosted.org/packages/e6/bb/b4ed1601c1a51efb439e38767d1e71bdff6d234d5a9dcdfd57361c8f8d4d/slixmpp-1.10.0-cp312-cp312-manylinux_2_17_x86_64.manylinux2014_x86_64.whl", hash = "sha256:38c8babf6771f8ac03380efa566e09469b4d967fb38934ea0649e1481ae5af23", size = 929685 },
    { url = "https://files.pythonhosted.org/packages/73/f4/1eda543f5520e98a63df2a56e2600e652ba437b5e6cd16b0c4b62ec52413/slixmpp-1.10.0-cp313-cp313-manylinux_2_17_aarch64.manylinux2014_aarch64.whl", hash = "sha256:6187313f255fd36a2a23e2f9fcbef4afeb9dacbac11ab666557d189d0913158b", size = 925269 },
    { url = "https://files.pythonhosted.org/packages/79/ed/35fd9ca70c8e8545a7a06fd45571cc6ef41af5080506e57296b24ec00787/slixmpp-1.10.0-cp313-cp313-manylinux_2_17_x86_64.manylinux2014_x86_64.whl", hash = "sha256:2eb7fd7239df14636c01bb22034f78349d1a408080d4a1398862ef20ef6c9986", size = 929193 },
]
